
Microsoft Visual Studio Solution File, Format Version 12.00
# Visual Studio Version 17
VisualStudioVersion = 17.1.32421.90
MinimumVisualStudioVersion = 10.0.40219.1
Project("{8BC9CEB8-8B4A-11D0-8D11-00A0C91BC942}") = "Direct2D_ClockEx", "Direct2D_ClockEx\Direct2D_ClockEx.vcxproj", "{6D166A4C-6303-4461-AE99-5A10D2AD0DC7}"
EndProject
Global
	GlobalSection(SolutionConfigurationPlatforms) = preSolution
		Debug|x64 = Debug|x64
		Debug|x86 = Debug|x86
		Release|x64 = Release|x64
		Release|x86 = Release|x86
	EndGlobalSection
	GlobalSection(ProjectConfigurationPlatforms) = postSolution
		{6D166A4C-6303-4461-AE99-5A10D2AD0DC7}.Debug|x64.ActiveCfg = Debug|x64
		{6D166A4C-6303-4461-AE99-5A10D2AD0DC7}.Debug|x64.Build.0 = Debug|x64
		{6D166A4C-6303-4461-AE99-5A10D2AD0DC7}.Debug|x86.ActiveCfg = Debug|Win32
		{6D166A4C-6303-4461-AE99-5A10D2AD0DC7}.Debug|x86.Build.0 = Debug|Win32
		{6D166A4C-6303-4461-AE99-5A10D2AD0DC7}.Release|x64.ActiveCfg = Release|x64
		{6D166A4C-6303-4461-AE99-5A10D2AD0DC7}.Release|x64.Build.0 = Release|x64
		{6D166A4C-6303-4461-AE99-5A10D2AD0DC7}.Release|x86.ActiveCfg = Release|Win32
		{6D166A4C-6303-4461-AE99-5A10D2AD0DC7}.Release|x86.Build.0 = Release|Win32
	EndGlobalSection
	GlobalSection(SolutionProperties) = preSolution
		HideSolutionNode = FALSE
	EndGlobalSection
	GlobalSection(ExtensibilityGlobals) = postSolution
		SolutionGuid = {7C4B6E59-38EC-452D-85A1-1CE648E8C6BD}
	EndGlobalSection
EndGlobal
